
Microsoft Visual Studio Solution File, Format Version 12.00
# Visual Studio Version 17
VisualStudioVersion = 17.14.36518.9 d17.14
MinimumVisualStudioVersion = 10.0.40219.1
Project("{FAE04EC0-301F-11D3-BF4B-00C04F79EFBC}") = "Presentacion", "Conexion\Presentacion.csproj", "{A82D8795-A59B-44BD-A9B7-99C02473C50D}"
EndProject
Project("{FAE04EC0-301F-11D3-BF4B-00C04F79EFBC}") = "Dominio", "dominio\Dominio.csproj", "{C2CEECA1-D3D3-4D4B-92A9-65273C8B11F6}"
EndProject
Project("{FAE04EC0-301F-11D3-BF4B-00C04F79EFBC}") = "Acceso Datos", "Acceso Datos\Acceso Datos.csproj", "{68153219-C1EA-4D75-A941-D7C73F3581D0}"
EndProject
Global
	GlobalSection(SolutionConfigurationPlatforms) = preSolution
		Debug|Any CPU = Debug|Any CPU
		Release|Any CPU = Release|Any CPU
	EndGlobalSection
	GlobalSection(ProjectConfigurationPlatforms) = postSolution
		{A82D8795-A59B-44BD-A9B7-99C02473C50D}.Debug|Any CPU.ActiveCfg = Debug|Any CPU
		{A82D8795-A59B-44BD-A9B7-99C02473C50D}.Debug|Any CPU.Build.0 = Debug|Any CPU
		{A82D8795-A59B-44BD-A9B7-99C02473C50D}.Release|Any CPU.ActiveCfg = Release|Any CPU
		{A82D8795-A59B-44BD-A9B7-99C02473C50D}.Release|Any CPU.Build.0 = Release|Any CPU
		{C2CEECA1-D3D3-4D4B-92A9-65273C8B11F6}.Debug|Any CPU.ActiveCfg = Debug|Any CPU
		{C2CEECA1-D3D3-4D4B-92A9-65273C8B11F6}.Debug|Any CPU.Build.0 = Debug|Any CPU
		{C2CEECA1-D3D3-4D4B-92A9-65273C8B11F6}.Release|Any CPU.ActiveCfg = Release|Any CPU
		{C2CEECA1-D3D3-4D4B-92A9-65273C8B11F6}.Release|Any CPU.Build.0 = Release|Any CPU
		{68153219-C1EA-4D75-A941-D7C73F3581D0}.Debug|Any CPU.ActiveCfg = Debug|Any CPU
		{68153219-C1EA-4D75-A941-D7C73F3581D0}.Debug|Any CPU.Build.0 = Debug|Any CPU
		{68153219-C1EA-4D75-A941-D7C73F3581D0}.Release|Any CPU.ActiveCfg = Release|Any CPU
		{68153219-C1EA-4D75-A941-D7C73F3581D0}.Release|Any CPU.Build.0 = Release|Any CPU
	EndGlobalSection
	GlobalSection(SolutionProperties) = preSolution
		HideSolutionNode = FALSE
	EndGlobalSection
	GlobalSection(ExtensibilityGlobals) = postSolution
		SolutionGuid = {1A4D49E7-D27B-4FB0-B73A-D094C297A085}
	EndGlobalSection
EndGlobal
